
Microsoft Visual Studio Solution File, Format Version 12.00
# Visual Studio Version 16
VisualStudioVersion = 16.0.29519.87
MinimumVisualStudioVersion = 10.0.40219.1
Project("{FAE04EC0-301F-11D3-BF4B-00C04F79EFBC}") = "TabbedPage.Android", "TabbedPage\TabbedPage.Android\TabbedPage.Android.csproj", "{654B92A2-3DB8-4CA5-A451-1666E9F28B26}"
EndProject
Project("{FAE04EC0-301F-11D3-BF4B-00C04F79EFBC}") = "TabbedPage.iOS", "TabbedPage\TabbedPage.iOS\TabbedPage.iOS.csproj", "{7DA6EB81-4725-436A-9DC4-3EEFB63C6193}"
EndProject
Project("{FAE04EC0-301F-11D3-BF4B-00C04F79EFBC}") = "TabbedPage", "TabbedPage\TabbedPage\TabbedPage.csproj", "{07F8B724-8F1E-453B-BF41-7B6F180D0FFA}"
EndProject
Global
	GlobalSection(SolutionConfigurationPlatforms) = preSolution
		Debug|Any CPU = Debug|Any CPU
		Debug|iPhone = Debug|iPhone
		Debug|iPhoneSimulator = Debug|iPhoneSimulator
		Release|Any CPU = Release|Any CPU
		Release|iPhone = Release|iPhone
		Release|iPhoneSimulator = Release|iPhoneSimulator
	EndGlobalSection
	GlobalSection(ProjectConfigurationPlatforms) = postSolution
		{654B92A2-3DB8-4CA5-A451-1666E9F28B26}.Debug|Any CPU.ActiveCfg = Debug|Any CPU
		{654B92A2-3DB8-4CA5-A451-1666E9F28B26}.Debug|Any CPU.Build.0 = Debug|Any CPU
		{654B92A2-3DB8-4CA5-A451-1666E9F28B26}.Debug|Any CPU.Deploy.0 = Debug|Any CPU
		{654B92A2-3DB8-4CA5-A451-1666E9F28B26}.Debug|iPhone.ActiveCfg = Debug|Any CPU
		{654B92A2-3DB8-4CA5-A451-1666E9F28B26}.Debug|iPhone.Build.0 = Debug|Any CPU
		{654B92A2-3DB8-4CA5-A451-1666E9F28B26}.Debug|iPhone.Deploy.0 = Debug|Any CPU
		{654B92A2-3DB8-4CA5-A451-1666E9F28B26}.Debug|iPhoneSimulator.ActiveCfg = Debug|Any CPU
		{654B92A2-3DB8-4CA5-A451-1666E9F28B26}.Debug|iPhoneSimulator.Build.0 = Debug|Any CPU
		{654B92A2-3DB8-4CA5-A451-1666E9F28B26}.Debug|iPhoneSimulator.Deploy.0 = Debug|Any CPU
		{654B92A2-3DB8-4CA5-A451-1666E9F28B26}.Release|Any CPU.ActiveCfg = Release|Any CPU
		{654B92A2-3DB8-4CA5-A451-1666E9F28B26}.Release|Any CPU.Build.0 = Release|Any CPU
		{654B92A2-3DB8-4CA5-A451-1666E9F28B26}.Release|Any CPU.Deploy.0 = Release|Any CPU
		{654B92A2-3DB8-4CA5-A451-1666E9F28B26}.Release|iPhone.ActiveCfg = Release|Any CPU
		{654B92A2-3DB8-4CA5-A451-1666E9F28B26}.Release|iPhone.Build.0 = Release|Any CPU
		{654B92A2-3DB8-4CA5-A451-1666E9F28B26}.Release|iPhone.Deploy.0 = Release|Any CPU
		{654B92A2-3DB8-4CA5-A451-1666E9F28B26}.Release|iPhoneSimulator.ActiveCfg = Release|Any CPU
		{654B92A2-3DB8-4CA5-A451-1666E9F28B26}.Release|iPhoneSimulator.Build.0 = Release|Any CPU
		{654B92A2-3DB8-4CA5-A451-1666E9F28B26}.Release|iPhoneSimulator.Deploy.0 = Release|Any CPU
		{7DA6EB81-4725-436A-9DC4-3EEFB63C6193}.Debug|Any CPU.ActiveCfg = Debug|iPhoneSimulator
		{7DA6EB81-4725-436A-9DC4-3EEFB63C6193}.Debug|Any CPU.Build.0 = Debug|iPhoneSimulator
		{7DA6EB81-4725-436A-9DC4-3EEFB63C6193}.Debug|Any CPU.Deploy.0 = Debug|iPhoneSimulator
		{7DA6EB81-4725-436A-9DC4-3EEFB63C6193}.Debug|iPhone.ActiveCfg = Debug|iPhone
		{7DA6EB81-4725-436A-9DC4-3EEFB63C6193}.Debug|iPhone.Build.0 = Debug|iPhone
		{7DA6EB81-4725-436A-9DC4-3EEFB63C6193}.Debug|iPhone.Deploy.0 = Debug|iPhone
		{7DA6EB81-4725-436A-9DC4-3EEFB63C6193}.Debug|iPhoneSimulator.ActiveCfg = Debug|iPhoneSimulator
		{7DA6EB81-4725-436A-9DC4-3EEFB63C6193}.Debug|iPhoneSimulator.Build.0 = Debug|iPhoneSimulator
		{7DA6EB81-4725-436A-9DC4-3EEFB63C6193}.Debug|iPhoneSimulator.Deploy.0 = Debug|iPhoneSimulator
		{7DA6EB81-4725-436A-9DC4-3EEFB63C6193}.Release|Any CPU.ActiveCfg = Release|iPhone
		{7DA6EB81-4725-436A-9DC4-3EEFB63C6193}.Release|Any CPU.Build.0 = Release|iPhone
		{7DA6EB81-4725-436A-9DC4-3EEFB63C6193}.Release|Any CPU.Deploy.0 = Release|iPhone
		{7DA6EB81-4725-436A-9DC4-3EEFB63C6193}.Release|iPhone.ActiveCfg = Release|iPhone
		{7DA6EB81-4725-436A-9DC4-3EEFB63C6193}.Release|iPhone.Build.0 = Release|iPhone
		{7DA6EB81-4725-436A-9DC4-3EEFB63C6193}.Release|iPhone.Deploy.0 = Release|iPhone
		{7DA6EB81-4725-436A-9DC4-3EEFB63C6193}.Release|iPhoneSimulator.ActiveCfg = Release|iPhoneSimulator
		{7DA6EB81-4725-436A-9DC4-3EEFB63C6193}.Release|iPhoneSimulator.Build.0 = Release|iPhoneSimulator
		{7DA6EB81-4725-436A-9DC4-3EEFB63C6193}.Release|iPhoneSimulator.Deploy.0 = Release|iPhoneSimulator
		{07F8B724-8F1E-453B-BF41-7B6F180D0FFA}.Debug|Any CPU.ActiveCfg = Debug|Any CPU
		{07F8B724-8F1E-453B-BF41-7B6F180D0FFA}.Debug|Any CPU.Build.0 = Debug|Any CPU
		{07F8B724-8F1E-453B-BF41-7B6F180D0FFA}.Debug|Any CPU.Deploy.0 = Debug|Any CPU
		{07F8B724-8F1E-453B-BF41-7B6F180D0FFA}.Debug|iPhone.ActiveCfg = Debug|Any CPU
		{07F8B724-8F1E-453B-BF41-7B6F180D0FFA}.Debug|iPhone.Build.0 = Debug|Any CPU
		{07F8B724-8F1E-453B-BF41-7B6F180D0FFA}.Debug|iPhone.Deploy.0 = Debug|Any CPU
		{07F8B724-8F1E-453B-BF41-7B6F180D0FFA}.Debug|iPhoneSimulator.ActiveCfg = Debug|Any CPU
		{07F8B724-8F1E-453B-BF41-7B6F180D0FFA}.Debug|iPhoneSimulator.Build.0 = Debug|Any CPU
		{07F8B724-8F1E-453B-BF41-7B6F180D0FFA}.Debug|iPhoneSimulator.Deploy.0 = Debug|Any CPU
		{07F8B724-8F1E-453B-BF41-7B6F180D0FFA}.Release|Any CPU.ActiveCfg = Release|Any CPU
		{07F8B724-8F1E-453B-BF41-7B6F180D0FFA}.Release|Any CPU.Build.0 = Release|Any CPU
		{07F8B724-8F1E-453B-BF41-7B6F180D0FFA}.Release|Any CPU.Deploy.0 = Release|Any CPU
		{07F8B724-8F1E-453B-BF41-7B6F180D0FFA}.Release|iPhone.ActiveCfg = Release|Any CPU
		{07F8B724-8F1E-453B-BF41-7B6F180D0FFA}.Release|iPhone.Build.0 = Release|Any CPU
		{07F8B724-8F1E-453B-BF41-7B6F180D0FFA}.Release|iPhone.Deploy.0 = Release|Any CPU
		{07F8B724-8F1E-453B-BF41-7B6F180D0FFA}.Release|iPhoneSimulator.ActiveCfg = Release|Any CPU
		{07F8B724-8F1E-453B-BF41-7B6F180D0FFA}.Release|iPhoneSimulator.Build.0 = Release|Any CPU
		{07F8B724-8F1E-453B-BF41-7B6F180D0FFA}.Release|iPhoneSimulator.Deploy.0 = Release|Any CPU
	EndGlobalSection
	GlobalSection(SolutionProperties) = preSolution
		HideSolutionNode = FALSE
	EndGlobalSection
	GlobalSection(ExtensibilityGlobals) = postSolution
		SolutionGuid = {B3A3D648-A5B8-4809-8BF1-CFF835C3F6B2}
	EndGlobalSection
EndGlobal
